
Microsoft Visual Studio Solution File, Format Version 11.00
# Visual Studio 2010
Project("{FAE04EC0-301F-11D3-BF4B-00C04F79EFBC}") = "ManualPledge", "ManualPledge\ManualPledge.csproj", "{5B4724AB-96E8-48C3-8A35-34BA136C67DC}"
EndProject
Project("{FAE04EC0-301F-11D3-BF4B-00C04F79EFBC}") = "ApexFileCreatorBizObjects", "..\..\Apex\ApexFileCreatorBizObjects\ApexFileCreatorBizObjects.csproj", "{4E1B29AC-3710-430B-8B83-85632B7056B9}"
EndProject
Project("{FAE04EC0-301F-11D3-BF4B-00C04F79EFBC}") = "DtcBizObjects", "..\..\DTC\DtcBizObjects\trunk\DtcBizObjects.csproj", "{048CCB76-3371-4BE3-8D03-E52996F98E57}"
EndProject
Project("{FAE04EC0-301F-11D3-BF4B-00C04F79EFBC}") = "SlateBizObjects", "..\..\Slate\SlateBizObjects\trunk\SlateBizObjects.csproj", "{755D4C6F-93E8-4F07-B0A1-278539CC877B}"
EndProject
Global
	GlobalSection(SolutionConfigurationPlatforms) = preSolution
		Debug|Any CPU = Debug|Any CPU
		Debug|Mixed Platforms = Debug|Mixed Platforms
		Debug|x86 = Debug|x86
		Release|Any CPU = Release|Any CPU
		Release|Mixed Platforms = Release|Mixed Platforms
		Release|x86 = Release|x86
	EndGlobalSection
	GlobalSection(ProjectConfigurationPlatforms) = postSolution
		{5B4724AB-96E8-48C3-8A35-34BA136C67DC}.Debug|Any CPU.ActiveCfg = Debug|x86
		{5B4724AB-96E8-48C3-8A35-34BA136C67DC}.Debug|Mixed Platforms.ActiveCfg = Debug|x86
		{5B4724AB-96E8-48C3-8A35-34BA136C67DC}.Debug|Mixed Platforms.Build.0 = Debug|x86
		{5B4724AB-96E8-48C3-8A35-34BA136C67DC}.Debug|x86.ActiveCfg = Debug|x86
		{5B4724AB-96E8-48C3-8A35-34BA136C67DC}.Debug|x86.Build.0 = Debug|x86
		{5B4724AB-96E8-48C3-8A35-34BA136C67DC}.Release|Any CPU.ActiveCfg = Release|x86
		{5B4724AB-96E8-48C3-8A35-34BA136C67DC}.Release|Mixed Platforms.ActiveCfg = Release|x86
		{5B4724AB-96E8-48C3-8A35-34BA136C67DC}.Release|Mixed Platforms.Build.0 = Release|x86
		{5B4724AB-96E8-48C3-8A35-34BA136C67DC}.Release|x86.ActiveCfg = Release|x86
		{5B4724AB-96E8-48C3-8A35-34BA136C67DC}.Release|x86.Build.0 = Release|x86
		{4E1B29AC-3710-430B-8B83-85632B7056B9}.Debug|Any CPU.ActiveCfg = Debug|Any CPU
		{4E1B29AC-3710-430B-8B83-85632B7056B9}.Debug|Any CPU.Build.0 = Debug|Any CPU
		{4E1B29AC-3710-430B-8B83-85632B7056B9}.Debug|Mixed Platforms.ActiveCfg = Debug|Any CPU
		{4E1B29AC-3710-430B-8B83-85632B7056B9}.Debug|Mixed Platforms.Build.0 = Debug|Any CPU
		{4E1B29AC-3710-430B-8B83-85632B7056B9}.Debug|x86.ActiveCfg = Debug|Any CPU
		{4E1B29AC-3710-430B-8B83-85632B7056B9}.Release|Any CPU.ActiveCfg = Release|Any CPU
		{4E1B29AC-3710-430B-8B83-85632B7056B9}.Release|Any CPU.Build.0 = Release|Any CPU
		{4E1B29AC-3710-430B-8B83-85632B7056B9}.Release|Mixed Platforms.ActiveCfg = Release|Any CPU
		{4E1B29AC-3710-430B-8B83-85632B7056B9}.Release|Mixed Platforms.Build.0 = Release|Any CPU
		{4E1B29AC-3710-430B-8B83-85632B7056B9}.Release|x86.ActiveCfg = Release|Any CPU
		{048CCB76-3371-4BE3-8D03-E52996F98E57}.Debug|Any CPU.ActiveCfg = Debug|Any CPU
		{048CCB76-3371-4BE3-8D03-E52996F98E57}.Debug|Any CPU.Build.0 = Debug|Any CPU
		{048CCB76-3371-4BE3-8D03-E52996F98E57}.Debug|Mixed Platforms.ActiveCfg = Debug|Any CPU
		{048CCB76-3371-4BE3-8D03-E52996F98E57}.Debug|Mixed Platforms.Build.0 = Debug|Any CPU
		{048CCB76-3371-4BE3-8D03-E52996F98E57}.Debug|x86.ActiveCfg = Debug|Any CPU
		{048CCB76-3371-4BE3-8D03-E52996F98E57}.Release|Any CPU.ActiveCfg = Release|Any CPU
		{048CCB76-3371-4BE3-8D03-E52996F98E57}.Release|Any CPU.Build.0 = Release|Any CPU
		{048CCB76-3371-4BE3-8D03-E52996F98E57}.Release|Mixed Platforms.ActiveCfg = Release|Any CPU
		{048CCB76-3371-4BE3-8D03-E52996F98E57}.Release|Mixed Platforms.Build.0 = Release|Any CPU
		{048CCB76-3371-4BE3-8D03-E52996F98E57}.Release|x86.ActiveCfg = Release|Any CPU
		{755D4C6F-93E8-4F07-B0A1-278539CC877B}.Debug|Any CPU.ActiveCfg = Debug|Any CPU
		{755D4C6F-93E8-4F07-B0A1-278539CC877B}.Debug|Any CPU.Build.0 = Debug|Any CPU
		{755D4C6F-93E8-4F07-B0A1-278539CC877B}.Debug|Mixed Platforms.ActiveCfg = Debug|Any CPU
		{755D4C6F-93E8-4F07-B0A1-278539CC877B}.Debug|Mixed Platforms.Build.0 = Debug|Any CPU
		{755D4C6F-93E8-4F07-B0A1-278539CC877B}.Debug|x86.ActiveCfg = Debug|Any CPU
		{755D4C6F-93E8-4F07-B0A1-278539CC877B}.Release|Any CPU.ActiveCfg = Release|Any CPU
		{755D4C6F-93E8-4F07-B0A1-278539CC877B}.Release|Any CPU.Build.0 = Release|Any CPU
		{755D4C6F-93E8-4F07-B0A1-278539CC877B}.Release|Mixed Platforms.ActiveCfg = Release|Any CPU
		{755D4C6F-93E8-4F07-B0A1-278539CC877B}.Release|Mixed Platforms.Build.0 = Release|Any CPU
		{755D4C6F-93E8-4F07-B0A1-278539CC877B}.Release|x86.ActiveCfg = Release|Any CPU
	EndGlobalSection
	GlobalSection(SolutionProperties) = preSolution
		HideSolutionNode = FALSE
	EndGlobalSection
EndGlobal
